
Microsoft Visual Studio Solution File, Format Version 12.00
# Visual Studio Version 17
VisualStudioVersion = 17.11.35312.102
MinimumVisualStudioVersion = 10.0.40219.1
Project("{2150E333-8FDC-42A3-9474-1A3956D46DE8}") = "Task0", "Task0", "{B15DAFB8-99CC-48D9-9099-DC9F0AF779B0}"
EndProject
Project("{9A19103F-16F7-4668-BE54-9A1E7A4F7556}") = "Tyuiu.VaganovMA.Sprint1.Task0.V23", "Tyuiu.VaganovMA.Sprint1.Task0.V23\Tyuiu.VaganovMA.Sprint1.Task0.V23.csproj", "{78B1A1D3-3897-4111-B119-7C292A5155CF}"
EndProject
Project("{9A19103F-16F7-4668-BE54-9A1E7A4F7556}") = "Tyuiu.VaganovMA.Sprint1.Task0.V23.Lib", "Tyuiu.VaganovMA.Sprint1.Task0.V23.Lib\Tyuiu.VaganovMA.Sprint1.Task0.V23.Lib.csproj", "{C2182F3E-4674-44A0-89F7-7AB15E715039}"
EndProject
Project("{9A19103F-16F7-4668-BE54-9A1E7A4F7556}") = "Tyuiu.VaganovMA.Sprint1.Task0.V23.Test", "Tyuiu.VaganovMA.Sprint1.Task0.V23.Test\Tyuiu.VaganovMA.Sprint1.Task0.V23.Test.csproj", "{9BF27543-6E8B-43D4-A2E8-604E766517EA}"
EndProject
Project("{2150E333-8FDC-42A3-9474-1A3956D46DE8}") = "Task1", "Task1", "{A1339252-06EC-4947-8D44-46626263CAA1}"
EndProject
Project("{9A19103F-16F7-4668-BE54-9A1E7A4F7556}") = "Tyuiu.VaganovMA.Sprint1.Task1.V13.Test", "Tyuiu.VaganovMA.Sprint1.Task1.V13.Test\Tyuiu.VaganovMA.Sprint1.Task1.V13.Test.csproj", "{3056B655-273B-4E5F-B4D9-607109280EAF}"
EndProject
Project("{9A19103F-16F7-4668-BE54-9A1E7A4F7556}") = "Tyuiu.VaganovMA.Sprint1.Task1.V13", "Tyuiu.VaganovMA.Sprint1.Task1.V13\Tyuiu.VaganovMA.Sprint1.Task1.V13.csproj", "{E3B9E156-0C70-44D7-B385-6A1850D60C14}"
EndProject
Project("{9A19103F-16F7-4668-BE54-9A1E7A4F7556}") = "Tyuiu.VaganovMA.Sprint1.Task1.V13.Lib", "Tyuiu.VaganovMA.Sprint1.Task1.V13.Lib\Tyuiu.VaganovMA.Sprint1.Task1.V13.Lib.csproj", "{0BD41AC1-399B-4017-A965-9FF2978EC646}"
EndProject
Project("{2150E333-8FDC-42A3-9474-1A3956D46DE8}") = "Task2", "Task2", "{01C12E52-BD0A-4518-96C6-B5FEB4FF4EBD}"
EndProject
Project("{9A19103F-16F7-4668-BE54-9A1E7A4F7556}") = "Tyuiu.VaganovMA.Sprint1.Task2.V15.Lib", "Tyuiu.VaganovMA.Sprint1.Task2.V15.Lib\Tyuiu.VaganovMA.Sprint1.Task2.V15.Lib.csproj", "{6BC086B4-E9A4-47C8-BDF5-05E75FB88203}"
EndProject
Project("{9A19103F-16F7-4668-BE54-9A1E7A4F7556}") = "Tyuiu.VaganovMA.Sprint1.Task2.V15", "Tyuiu.VaganovMA.Sprint1.Task2.V15\Tyuiu.VaganovMA.Sprint1.Task2.V15.csproj", "{87419CDC-1D9A-486A-8557-4D2C6FA73596}"
EndProject
Project("{9A19103F-16F7-4668-BE54-9A1E7A4F7556}") = "Tyuiu.VaganovMA.Sprint1.Task2.V15.Test", "Tyuiu.VaganovMA.Sprint1.Task2.V15.Test\Tyuiu.VaganovMA.Sprint1.Task2.V15.Test.csproj", "{4F191058-A31B-458D-8EF4-5787C2804E0F}"
EndProject
Project("{2150E333-8FDC-42A3-9474-1A3956D46DE8}") = "Task3", "Task3", "{E5420F6E-5E17-4269-AA41-5718D8A74468}"
EndProject
Project("{9A19103F-16F7-4668-BE54-9A1E7A4F7556}") = "Tyuiu.VaganovMA.Sprint1.Task3.V19.Lib", "Tyuiu.VaganovMA.Sprint1.Task3.V19.Lib\Tyuiu.VaganovMA.Sprint1.Task3.V19.Lib.csproj", "{F1C3A335-2AE4-4171-B8BD-855962CB3CCC}"
EndProject
Project("{9A19103F-16F7-4668-BE54-9A1E7A4F7556}") = "Tyuiu.VaganovMA.Sprint1.Task3.V19", "Tyuiu.VaganovMA.Sprint1.Task3.V19\Tyuiu.VaganovMA.Sprint1.Task3.V19.csproj", "{CA12057E-F254-4CCB-A17E-95E78F59A671}"
EndProject
Project("{9A19103F-16F7-4668-BE54-9A1E7A4F7556}") = "Tyuiu.VaganovMA.Sprint1.Task3.V19.Test", "Tyuiu.VaganovMA.Sprint1.Task3.V19.Test\Tyuiu.VaganovMA.Sprint1.Task3.V19.Test.csproj", "{668112E5-35AE-4149-85D4-C70067F1E834}"
EndProject
Project("{2150E333-8FDC-42A3-9474-1A3956D46DE8}") = "Task4", "Task4", "{93DE5B2D-7FA6-4A85-805D-70B49E40055E}"
EndProject
Project("{9A19103F-16F7-4668-BE54-9A1E7A4F7556}") = "Tyuiu.VaganovMA.Sprint1.Task4.V10", "Tyuiu.VaganovMA.Sprint1.Task4.V10\Tyuiu.VaganovMA.Sprint1.Task4.V10.csproj", "{D08FB508-3164-4326-87F5-7511823FDB6E}"
EndProject
Project("{9A19103F-16F7-4668-BE54-9A1E7A4F7556}") = "Tyuiu.VaganovMA.Sprint1.Task4.V10.Lib", "Tyuiu.VaganovMA.Sprint1.Task4.V10.Lib\Tyuiu.VaganovMA.Sprint1.Task4.V10.Lib.csproj", "{C30303DE-1440-46F1-9398-FBF19959C852}"
EndProject
Project("{9A19103F-16F7-4668-BE54-9A1E7A4F7556}") = "Tyuiu.VaganovMA.Sprint1.Task4.V10.Test", "Tyuiu.VaganovMA.Sprint1.Task4.V10.Test\Tyuiu.VaganovMA.Sprint1.Task4.V10.Test.csproj", "{74843C8E-2710-4207-B036-AAEAE0B33BC7}"
EndProject
Project("{2150E333-8FDC-42A3-9474-1A3956D46DE8}") = "Task5", "Task5", "{1506C630-86B6-4848-ADEA-71F62DC16B3D}"
EndProject
Project("{9A19103F-16F7-4668-BE54-9A1E7A4F7556}") = "Tyuiu.VaganovMA.Sprint1.Task5.V6", "Tyuiu.VaganovMA.Sprint1.Task5.V6\Tyuiu.VaganovMA.Sprint1.Task5.V6.csproj", "{BB11AB33-C512-4F1D-8542-0B7F9B7E8B69}"
EndProject
Project("{9A19103F-16F7-4668-BE54-9A1E7A4F7556}") = "Tyuiu.VaganovMA.Sprint1.Task5.V6.Test", "Tyuiu.VaganovMA.Sprint1.Task5.V6.Test\Tyuiu.VaganovMA.Sprint1.Task5.V6.Test.csproj", "{95303DD9-44DC-477E-8E1D-7647C6A28401}"
EndProject
Project("{9A19103F-16F7-4668-BE54-9A1E7A4F7556}") = "Tyuiu.VaganovMA.Sprint1.Task5.V6.Lib", "Tyuiu.VaganovMA.Sprint1.Task5.V6.Lib\Tyuiu.VaganovMA.Sprint1.Task5.V6.Lib.csproj", "{16906175-6AE8-49FE-8CC2-FF9AAC101993}"
EndProject
Project("{2150E333-8FDC-42A3-9474-1A3956D46DE8}") = "Task6", "Task6", "{481AE980-DD16-4814-A49B-9DECB4FDF126}"
EndProject
Project("{FAE04EC0-301F-11D3-BF4B-00C04F79EFBC}") = "Tyuiu.VaganovMA.Sprint1.Task6.V15", "Tyuiu.VaganovMA.Sprint1.Task6.V15\Tyuiu.VaganovMA.Sprint1.Task6.V15.csproj", "{C9F3ABF1-2948-4E59-9F35-B1902F24EA5B}"
EndProject
Project("{FAE04EC0-301F-11D3-BF4B-00C04F79EFBC}") = "Tyuiu.VaganovMA.Sprint1.Task6.V15.Test", "Tyuiu.VaganovMA.Sprint1.Task6.V15.Test\Tyuiu.VaganovMA.Sprint1.Task6.V15.Test.csproj", "{A086F5AF-759B-4546-BAFA-284573CCB5E8}"
EndProject
Project("{FAE04EC0-301F-11D3-BF4B-00C04F79EFBC}") = "Tyuiu.VaganovMA.Sprint1.Task6.V15.Lib", "Tyuiu.VaganovMA.Sprint1.Task6.V15.Lib\Tyuiu.VaganovMA.Sprint1.Task6.V15.Lib.csproj", "{450F8BE7-BD86-4D65-ADCE-3D68AB3A8BE7}"
EndProject
Global
	GlobalSection(SolutionConfigurationPlatforms) = preSolution
		Debug|Any CPU = Debug|Any CPU
		Release|Any CPU = Release|Any CPU
	EndGlobalSection
	GlobalSection(ProjectConfigurationPlatforms) = postSolution
		{78B1A1D3-3897-4111-B119-7C292A5155CF}.Debug|Any CPU.ActiveCfg = Debug|Any CPU
		{78B1A1D3-3897-4111-B119-7C292A5155CF}.Debug|Any CPU.Build.0 = Debug|Any CPU
		{78B1A1D3-3897-4111-B119-7C292A5155CF}.Release|Any CPU.ActiveCfg = Release|Any CPU
		{78B1A1D3-3897-4111-B119-7C292A5155CF}.Release|Any CPU.Build.0 = Release|Any CPU
		{C2182F3E-4674-44A0-89F7-7AB15E715039}.Debug|Any CPU.ActiveCfg = Debug|Any CPU
		{C2182F3E-4674-44A0-89F7-7AB15E715039}.Debug|Any CPU.Build.0 = Debug|Any CPU
		{C2182F3E-4674-44A0-89F7-7AB15E715039}.Release|Any CPU.ActiveCfg = Release|Any CPU
		{C2182F3E-4674-44A0-89F7-7AB15E715039}.Release|Any CPU.Build.0 = Release|Any CPU
		{9BF27543-6E8B-43D4-A2E8-604E766517EA}.Debug|Any CPU.ActiveCfg = Debug|Any CPU
		{9BF27543-6E8B-43D4-A2E8-604E766517EA}.Debug|Any CPU.Build.0 = Debug|Any CPU
		{9BF27543-6E8B-43D4-A2E8-604E766517EA}.Release|Any CPU.ActiveCfg = Release|Any CPU
		{9BF27543-6E8B-43D4-A2E8-604E766517EA}.Release|Any CPU.Build.0 = Release|Any CPU
		{3056B655-273B-4E5F-B4D9-607109280EAF}.Debug|Any CPU.ActiveCfg = Debug|Any CPU
		{3056B655-273B-4E5F-B4D9-607109280EAF}.Debug|Any CPU.Build.0 = Debug|Any CPU
		{3056B655-273B-4E5F-B4D9-607109280EAF}.Release|Any CPU.ActiveCfg = Release|Any CPU
		{3056B655-273B-4E5F-B4D9-607109280EAF}.Release|Any CPU.Build.0 = Release|Any CPU
		{E3B9E156-0C70-44D7-B385-6A1850D60C14}.Debug|Any CPU.ActiveCfg = Debug|Any CPU
		{E3B9E156-0C70-44D7-B385-6A1850D60C14}.Debug|Any CPU.Build.0 = Debug|Any CPU
		{E3B9E156-0C70-44D7-B385-6A1850D60C14}.Release|Any CPU.ActiveCfg = Release|Any CPU
		{E3B9E156-0C70-44D7-B385-6A1850D60C14}.Release|Any CPU.Build.0 = Release|Any CPU
		{0BD41AC1-399B-4017-A965-9FF2978EC646}.Debug|Any CPU.ActiveCfg = Debug|Any CPU
		{0BD41AC1-399B-4017-A965-9FF2978EC646}.Debug|Any CPU.Build.0 = Debug|Any CPU
		{0BD41AC1-399B-4017-A965-9FF2978EC646}.Release|Any CPU.ActiveCfg = Release|Any CPU
		{0BD41AC1-399B-4017-A965-9FF2978EC646}.Release|Any CPU.Build.0 = Release|Any CPU
		{6BC086B4-E9A4-47C8-BDF5-05E75FB88203}.Debug|Any CPU.ActiveCfg = Debug|Any CPU
		{6BC086B4-E9A4-47C8-BDF5-05E75FB88203}.Debug|Any CPU.Build.0 = Debug|Any CPU
		{6BC086B4-E9A4-47C8-BDF5-05E75FB88203}.Release|Any CPU.ActiveCfg = Release|Any CPU
		{6BC086B4-E9A4-47C8-BDF5-05E75FB88203}.Release|Any CPU.Build.0 = Release|Any CPU
		{87419CDC-1D9A-486A-8557-4D2C6FA73596}.Debug|Any CPU.ActiveCfg = Debug|Any CPU
		{87419CDC-1D9A-486A-8557-4D2C6FA73596}.Debug|Any CPU.Build.0 = Debug|Any CPU
		{87419CDC-1D9A-486A-8557-4D2C6FA73596}.Release|Any CPU.ActiveCfg = Release|Any CPU
		{87419CDC-1D9A-486A-8557-4D2C6FA73596}.Release|Any CPU.Build.0 = Release|Any CPU
		{4F191058-A31B-458D-8EF4-5787C2804E0F}.Debug|Any CPU.ActiveCfg = Debug|Any CPU
		{4F191058-A31B-458D-8EF4-5787C2804E0F}.Debug|Any CPU.Build.0 = Debug|Any CPU
		{4F191058-A31B-458D-8EF4-5787C2804E0F}.Release|Any CPU.ActiveCfg = Release|Any CPU
		{4F191058-A31B-458D-8EF4-5787C2804E0F}.Release|Any CPU.Build.0 = Release|Any CPU
		{F1C3A335-2AE4-4171-B8BD-855962CB3CCC}.Debug|Any CPU.ActiveCfg = Debug|Any CPU
		{F1C3A335-2AE4-4171-B8BD-855962CB3CCC}.Debug|Any CPU.Build.0 = Debug|Any CPU
		{F1C3A335-2AE4-4171-B8BD-855962CB3CCC}.Release|Any CPU.ActiveCfg = Release|Any CPU
		{F1C3A335-2AE4-4171-B8BD-855962CB3CCC}.Release|Any CPU.Build.0 = Release|Any CPU
		{CA12057E-F254-4CCB-A17E-95E78F59A671}.Debug|Any CPU.ActiveCfg = Debug|Any CPU
		{CA12057E-F254-4CCB-A17E-95E78F59A671}.Debug|Any CPU.Build.0 = Debug|Any CPU
		{CA12057E-F254-4CCB-A17E-95E78F59A671}.Release|Any CPU.ActiveCfg = Release|Any CPU
		{CA12057E-F254-4CCB-A17E-95E78F59A671}.Release|Any CPU.Build.0 = Release|Any CPU
		{668112E5-35AE-4149-85D4-C70067F1E834}.Debug|Any CPU.ActiveCfg = Debug|Any CPU
		{668112E5-35AE-4149-85D4-C70067F1E834}.Debug|Any CPU.Build.0 = Debug|Any CPU
		{668112E5-35AE-4149-85D4-C70067F1E834}.Release|Any CPU.ActiveCfg = Release|Any CPU
		{668112E5-35AE-4149-85D4-C70067F1E834}.Release|Any CPU.Build.0 = Release|Any CPU
		{D08FB508-3164-4326-87F5-7511823FDB6E}.Debug|Any CPU.ActiveCfg = Debug|Any CPU
		{D08FB508-3164-4326-87F5-7511823FDB6E}.Debug|Any CPU.Build.0 = Debug|Any CPU
		{D08FB508-3164-4326-87F5-7511823FDB6E}.Release|Any CPU.ActiveCfg = Release|Any CPU
		{D08FB508-3164-4326-87F5-7511823FDB6E}.Release|Any CPU.Build.0 = Release|Any CPU
		{C30303DE-1440-46F1-9398-FBF19959C852}.Debug|Any CPU.ActiveCfg = Debug|Any CPU
		{C30303DE-1440-46F1-9398-FBF19959C852}.Debug|Any CPU.Build.0 = Debug|Any CPU
		{C30303DE-1440-46F1-9398-FBF19959C852}.Release|Any CPU.ActiveCfg = Release|Any CPU
		{C30303DE-1440-46F1-9398-FBF19959C852}.Release|Any CPU.Build.0 = Release|Any CPU
		{74843C8E-2710-4207-B036-AAEAE0B33BC7}.Debug|Any CPU.ActiveCfg = Debug|Any CPU
		{74843C8E-2710-4207-B036-AAEAE0B33BC7}.Debug|Any CPU.Build.0 = Debug|Any CPU
		{74843C8E-2710-4207-B036-AAEAE0B33BC7}.Release|Any CPU.ActiveCfg = Release|Any CPU
		{74843C8E-2710-4207-B036-AAEAE0B33BC7}.Release|Any CPU.Build.0 = Release|Any CPU
		{BB11AB33-C512-4F1D-8542-0B7F9B7E8B69}.Debug|Any CPU.ActiveCfg = Debug|Any CPU
		{BB11AB33-C512-4F1D-8542-0B7F9B7E8B69}.Debug|Any CPU.Build.0 = Debug|Any CPU
		{BB11AB33-C512-4F1D-8542-0B7F9B7E8B69}.Release|Any CPU.ActiveCfg = Release|Any CPU
		{BB11AB33-C512-4F1D-8542-0B7F9B7E8B69}.Release|Any CPU.Build.0 = Release|Any CPU
		{95303DD9-44DC-477E-8E1D-7647C6A28401}.Debug|Any CPU.ActiveCfg = Debug|Any CPU
		{95303DD9-44DC-477E-8E1D-7647C6A28401}.Debug|Any CPU.Build.0 = Debug|Any CPU
		{95303DD9-44DC-477E-8E1D-7647C6A28401}.Release|Any CPU.ActiveCfg = Release|Any CPU
		{95303DD9-44DC-477E-8E1D-7647C6A28401}.Release|Any CPU.Build.0 = Release|Any CPU
		{16906175-6AE8-49FE-8CC2-FF9AAC101993}.Debug|Any CPU.ActiveCfg = Debug|Any CPU
		{16906175-6AE8-49FE-8CC2-FF9AAC101993}.Debug|Any CPU.Build.0 = Debug|Any CPU
		{16906175-6AE8-49FE-8CC2-FF9AAC101993}.Release|Any CPU.ActiveCfg = Release|Any CPU
		{16906175-6AE8-49FE-8CC2-FF9AAC101993}.Release|Any CPU.Build.0 = Release|Any CPU
		{C9F3ABF1-2948-4E59-9F35-B1902F24EA5B}.Debug|Any CPU.ActiveCfg = Debug|Any CPU
		{C9F3ABF1-2948-4E59-9F35-B1902F24EA5B}.Debug|Any CPU.Build.0 = Debug|Any CPU
		{C9F3ABF1-2948-4E59-9F35-B1902F24EA5B}.Release|Any CPU.ActiveCfg = Release|Any CPU
		{C9F3ABF1-2948-4E59-9F35-B1902F24EA5B}.Release|Any CPU.Build.0 = Release|Any CPU
		{A086F5AF-759B-4546-BAFA-284573CCB5E8}.Debug|Any CPU.ActiveCfg = Debug|Any CPU
		{A086F5AF-759B-4546-BAFA-284573CCB5E8}.Debug|Any CPU.Build.0 = Debug|Any CPU
		{A086F5AF-759B-4546-BAFA-284573CCB5E8}.Release|Any CPU.ActiveCfg = Release|Any CPU
		{A086F5AF-759B-4546-BAFA-284573CCB5E8}.Release|Any CPU.Build.0 = Release|Any CPU
		{450F8BE7-BD86-4D65-ADCE-3D68AB3A8BE7}.Debug|Any CPU.ActiveCfg = Debug|Any CPU
		{450F8BE7-BD86-4D65-ADCE-3D68AB3A8BE7}.Debug|Any CPU.Build.0 = Debug|Any CPU
		{450F8BE7-BD86-4D65-ADCE-3D68AB3A8BE7}.Release|Any CPU.ActiveCfg = Release|Any CPU
		{450F8BE7-BD86-4D65-ADCE-3D68AB3A8BE7}.Release|Any CPU.Build.0 = Release|Any CPU
	EndGlobalSection
	GlobalSection(SolutionProperties) = preSolution
		HideSolutionNode = FALSE
	EndGlobalSection
	GlobalSection(NestedProjects) = preSolution
		{78B1A1D3-3897-4111-B119-7C292A5155CF} = {B15DAFB8-99CC-48D9-9099-DC9F0AF779B0}
		{C2182F3E-4674-44A0-89F7-7AB15E715039} = {B15DAFB8-99CC-48D9-9099-DC9F0AF779B0}
		{9BF27543-6E8B-43D4-A2E8-604E766517EA} = {B15DAFB8-99CC-48D9-9099-DC9F0AF779B0}
		{3056B655-273B-4E5F-B4D9-607109280EAF} = {A1339252-06EC-4947-8D44-46626263CAA1}
		{E3B9E156-0C70-44D7-B385-6A1850D60C14} = {A1339252-06EC-4947-8D44-46626263CAA1}
		{0BD41AC1-399B-4017-A965-9FF2978EC646} = {A1339252-06EC-4947-8D44-46626263CAA1}
		{6BC086B4-E9A4-47C8-BDF5-05E75FB88203} = {01C12E52-BD0A-4518-96C6-B5FEB4FF4EBD}
		{87419CDC-1D9A-486A-8557-4D2C6FA73596} = {01C12E52-BD0A-4518-96C6-B5FEB4FF4EBD}
		{4F191058-A31B-458D-8EF4-5787C2804E0F} = {01C12E52-BD0A-4518-96C6-B5FEB4FF4EBD}
		{F1C3A335-2AE4-4171-B8BD-855962CB3CCC} = {E5420F6E-5E17-4269-AA41-5718D8A74468}
		{CA12057E-F254-4CCB-A17E-95E78F59A671} = {E5420F6E-5E17-4269-AA41-5718D8A74468}
		{668112E5-35AE-4149-85D4-C70067F1E834} = {E5420F6E-5E17-4269-AA41-5718D8A74468}
		{D08FB508-3164-4326-87F5-7511823FDB6E} = {93DE5B2D-7FA6-4A85-805D-70B49E40055E}
		{C30303DE-1440-46F1-9398-FBF19959C852} = {93DE5B2D-7FA6-4A85-805D-70B49E40055E}
		{74843C8E-2710-4207-B036-AAEAE0B33BC7} = {93DE5B2D-7FA6-4A85-805D-70B49E40055E}
		{BB11AB33-C512-4F1D-8542-0B7F9B7E8B69} = {1506C630-86B6-4848-ADEA-71F62DC16B3D}
		{95303DD9-44DC-477E-8E1D-7647C6A28401} = {1506C630-86B6-4848-ADEA-71F62DC16B3D}
		{16906175-6AE8-49FE-8CC2-FF9AAC101993} = {1506C630-86B6-4848-ADEA-71F62DC16B3D}
		{C9F3ABF1-2948-4E59-9F35-B1902F24EA5B} = {481AE980-DD16-4814-A49B-9DECB4FDF126}
		{A086F5AF-759B-4546-BAFA-284573CCB5E8} = {481AE980-DD16-4814-A49B-9DECB4FDF126}
		{450F8BE7-BD86-4D65-ADCE-3D68AB3A8BE7} = {481AE980-DD16-4814-A49B-9DECB4FDF126}
	EndGlobalSection
	GlobalSection(ExtensibilityGlobals) = postSolution
		SolutionGuid = {CCFF19E0-CB1D-4AF7-9AF8-84BE2BD4D772}
	EndGlobalSection
EndGlobal
